{
  "version": 1,
  "dependencies": {
    ".NETCoreApp,Version=v2.1": {
      "Argu": {
        "type": "Direct",
        "requested": "[5.3.0, )",
        "resolved": "5.3.0",
        "contentHash": "y5YEJ/4977SE0MdyjBIEgv+gVrOMdpGzvBuxNHNMcf9Gmx9umcpUV1gvafUEI0VrnI5ViEr7+IAM1TxvYE7nyg==",
        "dependencies": {
          "FSharp.Core": "4.3.2",
          "System.Configuration.ConfigurationManager": "4.4.0"
        }
      },
      "Fake.IO.FileSystem": {
        "type": "Direct",
        "requested": "[5.13.5, )",
        "resolved": "5.13.5",
        "contentHash": "lkIOq0vOybXx55UsfpkfKr5QL/nxkkwEe4OfxTD1hVtoW+owHge+bSJ4UEWLPBSfwXWDUOJnpGGdTQqhCyrNPQ==",
        "dependencies": {
          "FSharp.Core": "4.3.4",
          "Fake.Core.String": "5.13.5",
          "System.Diagnostics.FileVersionInfo": "4.3.0",
          "System.IO.FileSystem.Watcher": "4.3.0"
        }
      },
      "FSharp.Core": {
        "type": "Direct",
        "requested": "[4.5.0, )",
        "resolved": "4.5.0",
        "contentHash": "J62OCxvDQ4SJMUHULtho/3rTAhhMzP294cyPDkqSWzWiBrGcuQI9A2TlRIik3PBAPeJx4KPjfzP5o+7Bs6xsZA=="
      },
      "Microsoft.NETCore.App": {
        "type": "Direct",
        "requested": "[2.1.0, )",
        "resolved": "2.1.0",
        "contentHash": "+Ho6w2hzSIUCiNX60Vkzm+T4Re7BxbYTWCK2JdnX89iMe3OlFS7NsCSUPa2/L2ZSUoh7GGyi9uckGH82Z3HY2Q==",
        "dependencies": {
          "Microsoft.NETCore.DotNetHostPolicy": "2.1.0",
          "Microsoft.NETCore.Platforms": "2.1.0",
          "Microsoft.NETCore.Targets": "2.1.0",
          "NETStandard.Library": "2.0.3"
        }
      },
      "Fake.Core.String": {
        "type": "Transitive",
        "resolved": "5.13.5",
        "contentHash": "Bm2l8/wRBC7eDkyEYKhUyhBJd38+0L1TEs3uxupjRLHlUsMHZ4wS+j+dTKynamTSD4iP1ltAeowlAgnvnm1wnA==",
        "dependencies": {
          "FSharp.Core": "4.3.4"
        }
      },
      "Microsoft.NETCore.DotNetAppHost": {
        "type": "Transitive",
        "resolved": "2.1.0",
        "contentHash": "UMFh737Z1tG5t1NPjF2/nVep5u3DNT31KdeCH821aOCP1jYtdAGJqrgYM4Jcr4SP5RUAKQOOLG5E3PtHDgZMhw=="
      },
      "Microsoft.NETCore.DotNetHostPolicy": {
        "type": "Transitive",
        "resolved": "2.1.0",
        "contentHash": "lXM1Am4d64t4VpC1JkzqUUcTR7jZQ8nLzlVcJqqSJ6mPlhdSQ/r1/2OdYjbDLkeAn6fk6QgOxK+S2H9CMpPDbA==",
        "dependencies": {
          "Microsoft.NETCore.DotNetHostResolver": "2.1.0"
        }
      },
      "Microsoft.NETCore.DotNetHostResolver": {
        "type": "Transitive",
        "resolved": "2.1.0",
        "contentHash": "6Q1/MZS/bFBLDN9uaw7s3Hhvsq9YzSKVWhC+Vps+vHosk0dwxrZX9VckCIdXi+oEsmKv8ezOqGgJQflHwQnMmQ==",
        "dependencies": {
          "Microsoft.NETCore.DotNetAppHost": "2.1.0"
        }
      },
      "Microsoft.NETCore.Platforms": {
        "type": "Transitive",
        "resolved": "2.1.0",
        "contentHash": "QnsyC0roNPj5Zqo73bwsc7l2AuJAGom7w23jYAR7g30radlPCGMOJL4LDkJdbupbny3W3c9Etspqwg+ykiyW+w=="
      },
      "Microsoft.NETCore.Targets": {
        "type": "Transitive",
        "resolved": "2.1.0",
        "contentHash": "INFIlEQKunF0ZovW6lXkbgdgoSiWoBShcCtmRpvvTnIHeBLyTh8A4e+EzFhthSrjANWcxYc2IuIJJyB6QAmGUA=="
      },
      "Microsoft.Win32.Primitives": {
        "type": "Transitive",
        "resolved": "4.3.0",
        "contentHash": "Rwb65h2RaECA/8NN1fP+h1gFhQIfJn1Zg+/lQ+2986lzVlHJr94t+UJ4QvuzLMWwoneij0k9EeSmosi5GrcDmQ==",
        "dependencies": {
          "Microsoft.NETCore.Platforms": "1.1.0",
          "Microsoft.NETCore.Targets": "1.1.0",
          "System.Runtime": "4.3.0"
        }
      },
      "NETStandard.Library": {
        "type": "Transitive",
        "resolved": "2.0.3",
        "contentHash": "rqHiKERWbeQr1jhK1Nn4jOxDLrMP5lBRbOuntG+n40c4IDXRs79jxci/L2aLru7NpRpE9sL+T0amBm3C1v1L7w==",
        "dependencies": {
          "Microsoft.NETCore.Platforms": "1.1.0"
        }
      },
      "runtime.native.System": {
        "type": "Transitive",
        "resolved": "4.3.0",
        "contentHash": "LqgN8KKwM8BEWp154X/Rq4TDKD22PodtiwIpTtqwgz2HFVK06eCVAPWuYexZPjm/gpOxwZ2Xhx9YTUeYmbloHg==",
        "dependencies": {
          "Microsoft.NETCore.Platforms": "1.1.0",
          "Microsoft.NETCore.Targets": "1.1.0"
        }
      },
      "runtime.native.System.IO.Compression": {
        "type": "Transitive",
        "resolved": "4.3.0",
        "contentHash": "jerU1UjXHHrgd9QGg0hpIahVy5EwzoF+oYw2Kn1iBwOeugxXD80Ym/mrZaAKyGv7s1k3ajdf2GNHKxFZ3PR4uA==",
        "dependencies": {
          "Microsoft.NETCore.Platforms": "1.1.0",
          "Microsoft.NETCore.Targets": "1.1.0"
        }
      },
      "System.Buffers": {
        "type": "Transitive",
        "resolved": "4.3.0",
        "contentHash": "jzBCrGIOJ/QxkYvCM8IwrPIVYrX1rDU2lGvsieE5nfbasfvP+AP79uAtbw92atIx7tIZZM8E2nkACL2jJNxIdg==",
        "dependencies": {
          "System.Diagnostics.Debug": "4.3.0",
          "System.Diagnostics.Tracing": "4.3.0",
          "System.Resources.ResourceManager": "4.3.0",
          "System.Runtime": "4.3.0",
          "System.Threading": "4.3.0"
        }
      },
      "System.Collections": {
        "type": "Transitive",
        "resolved": "4.3.0",
        "contentHash": "CTjQitFc2IOo0thjFckeSFivq1+rT2h/eXVjMRKRE5j6XHFJB19Jrr2vzUxX/KDz+8NHBfo4GDWOl8qFgJJGpQ==",
        "dependencies": {
          "Microsoft.NETCore.Platforms": "1.1.0",
          "Microsoft.NETCore.Targets": "1.1.0",
          "System.Runtime": "4.3.0"
        }
      },
      "System.Collections.Immutable": {
        "type": "Transitive",
        "resolved": "1.3.0",
        "contentHash": "zukBRPUuNxwy9m4TGWLxKAnoiMc9+B+8VXeXVyPiBPvOd7yLgAlZ1DlsRWJjMx4VsvhhF2+6q6kO2GRbPja6hA==",
        "dependencies": {
          "System.Collections": "4.3.0",
          "System.Diagnostics.Debug": "4.3.0",
          "System.Globalization": "4.3.0",
          "System.Linq": "4.3.0",
          "System.Resources.ResourceManager": "4.3.0",
          "System.Runtime": "4.3.0",
          "System.Runtime.Extensions": "4.3.0",
          "System.Threading": "4.3.0"
        }
      },
      "System.Configuration.ConfigurationManager": {
        "type": "Transitive",
        "resolved": "4.4.0",
        "contentHash": "gWwQv/Ug1qWJmHCmN17nAbxJYmQBM/E94QxKLksvUiiKB1Ld3Sc/eK1lgmbSjDFxkQhVuayI/cGFZhpBSodLrg==",
        "dependencies": {
          "System.Security.Cryptography.ProtectedData": "4.4.0"
        }
      },
      "System.Diagnostics.Debug": {
        "type": "Transitive",
        "resolved": "4.3.0",
        "contentHash": "X3dF76BRuxm9GpY7LkJZigckt9zZ7WgpRwvfC6Eh3Lg1oJ6VePG69x6U5C53Vx+4RB7eGvgJYYwj4WPaRr8Q/Q==",
        "dependencies": {
          "Microsoft.NETCore.Platforms": "1.1.0",
          "Microsoft.NETCore.Targets": "1.1.0",
          "System.Runtime": "4.3.0"
        }
      },
      "System.Diagnostics.FileVersionInfo": {
        "type": "Transitive",
        "resolved": "4.3.0",
        "contentHash": "5B735e6pbsWTUwjFx+fcD2vM0EXhe6bTk3oqk01aQcYmn2MRNDLJgEgG4mjBZ7sWpdurYkWazOL4Ch7QExDlOw==",
        "dependencies": {
          "Microsoft.NETCore.Platforms": "1.1.0",
          "System.Globalization": "4.3.0",
          "System.IO": "4.3.0",
          "System.IO.FileSystem": "4.3.0",
          "System.IO.FileSystem.Primitives": "4.3.0",
          "System.Reflection.Metadata": "1.4.1",
          "System.Runtime": "4.3.0",
          "System.Runtime.Extensions": "4.3.0",
          "System.Runtime.InteropServices": "4.3.0"
        }
      },
      "System.Diagnostics.Tracing": {
        "type": "Transitive",
        "resolved": "4.3.0",
        "contentHash": "0ZUcm1eMoQlqTwSKQzZci8z1Tp+nMkEn0IbYQSDJwTWEtIAuOFpvERB/AQRQT7b5tFCAJpZaKPq1CczRMiqLbw==",
        "dependencies": {
          "Microsoft.NETCore.Platforms": "1.1.0",
          "Microsoft.NETCore.Targets": "1.1.0",
          "System.Runtime": "4.3.0"
        }
      },
      "System.Globalization": {
        "type": "Transitive",
        "resolved": "4.3.0",
        "contentHash": "bVxSSZe4TFlkGhK+24eAcQYl+a0FCnCHzKBB0glWyktJ3QEd3DfIz11J6LuGoLY5zJUE44N7GgiCOizlsfRTQA==",
        "dependencies": {
          "Microsoft.NETCore.Platforms": "1.1.0",
          "Microsoft.NETCore.Targets": "1.1.0",
          "System.Runtime": "4.3.0"
        }
      },
      "System.IO": {
        "type": "Transitive",
        "resolved": "4.3.0",
        "contentHash": "dqrXGdDj1yD7LUybKNa8EqRjO/vqD6544hxqQh2ncYD8N0e3NPSpmJgvpx0/o+vjI6wpIJo7ruoFlFFMGFSAvg==",
        "dependencies": {
          "Microsoft.NETCore.Platforms": "1.1.0",
          "Microsoft.NETCore.Targets": "1.1.0",
          "System.Runtime": "4.3.0",
          "System.Text.Encoding": "4.3.0",
          "System.Threading.Tasks": "4.3.0"
        }
      },
      "System.IO.Compression": {
        "type": "Transitive",
        "resolved": "4.3.0",
        "contentHash": "9bAzXxVCx5+hL+CuAhBiLJkZLgv6CqMp02U9fXJAZdY7QDW4uFBsntbyWrOctm+5pfdZa2BTGooqL0ppcip4NQ==",
        "dependencies": {
          "Microsoft.NETCore.Platforms": "1.1.0",
          "System.Buffers": "4.3.0",
          "System.Collections": "4.3.0",
          "System.Diagnostics.Debug": "4.3.0",
          "System.IO": "4.3.0",
          "System.Resources.ResourceManager": "4.3.0",
          "System.Runtime": "4.3.0",
          "System.Runtime.Extensions": "4.3.0",
          "System.Runtime.Handles": "4.3.0",
          "System.Runtime.InteropServices": "4.3.0",
          "System.Text.Encoding": "4.3.0",
          "System.Threading": "4.3.0",
          "System.Threading.Tasks": "4.3.0",
          "runtime.native.System": "4.3.0",
          "runtime.native.System.IO.Compression": "4.3.0"
        }
      },
      "System.IO.FileSystem": {
        "type": "Transitive",
        "resolved": "4.3.0",
        "contentHash": "GE6LnEY7K/GyGNvvxmj64KGlRxpHf8KLrg22J8Jp4XaUpqBGZcWaSyDGmzE19GQJiWWd01iFDF7BwV1rG9DaKw==",
        "dependencies": {
          "Microsoft.NETCore.Platforms": "1.1.0",
          "Microsoft.NETCore.Targets": "1.1.0",
          "System.IO": "4.3.0",
          "System.IO.FileSystem.Primitives": "4.3.0",
          "System.Runtime": "4.3.0",
          "System.Runtime.Handles": "4.3.0",
          "System.Text.Encoding": "4.3.0",
          "System.Threading.Tasks": "4.3.0"
        }
      },
      "System.IO.FileSystem.Primitives": {
        "type": "Transitive",
        "resolved": "4.3.0",
        "contentHash": "RQ+vbydPFZElx+MxzIQd0Q1S9U/nqFG+z4g8FEhtfFuleAt1DJK/jFXpvbpzm/RbYbJGDzX7j0tGwfyd3s90Rg==",
        "dependencies": {
          "System.Runtime": "4.3.0"
        }
      },
      "System.IO.FileSystem.Watcher": {
        "type": "Transitive",
        "resolved": "4.3.0",
        "contentHash": "37IDFU2w6LJ4FrohcVlV1EXviUmAOJIbejVgOUtNaPQyeZW2D/0QSkH8ykehoOd19bWfxp3RRd0xj+yRRIqLhw==",
        "dependencies": {
          "Microsoft.NETCore.Platforms": "1.1.0",
          "Microsoft.Win32.Primitives": "4.3.0",
          "System.Collections": "4.3.0",
          "System.IO.FileSystem": "4.3.0",
          "System.IO.FileSystem.Primitives": "4.3.0",
          "System.Resources.ResourceManager": "4.3.0",
          "System.Runtime": "4.3.0",
          "System.Runtime.Extensions": "4.3.0",
          "System.Runtime.Handles": "4.3.0",
          "System.Runtime.InteropServices": "4.3.0",
          "System.Text.Encoding": "4.3.0",
          "System.Threading": "4.3.0",
          "System.Threading.Overlapped": "4.3.0",
          "System.Threading.Tasks": "4.3.0",
          "System.Threading.Thread": "4.3.0",
          "runtime.native.System": "4.3.0"
        }
      },
      "System.Linq": {
        "type": "Transitive",
        "resolved": "4.3.0",
        "contentHash": "rqxurR2TDGzgxESOKsP1XSgz3nOnN8DA/6gyUZ1c44AP20JZzWA4QOK4QikXOzn6P0FyY69ErkIrJLAPnUt82w==",
        "dependencies": {
          "System.Collections": "4.3.0",
          "System.Diagnostics.Debug": "4.3.0",
          "System.Resources.ResourceManager": "4.3.0",
          "System.Runtime": "4.3.0",
          "System.Runtime.Extensions": "4.3.0"
        }
      },
      "System.Reflection": {
        "type": "Transitive",
        "resolved": "4.3.0",
        "contentHash": "0U6aVgMup3e0y9++M0XYOtXLsoZMLlYoIOwddB/HmYkMH4G6QxufpUM26j3e0In7z0fN1q/n0bC9iHtZly+iLA==",
        "dependencies": {
          "Microsoft.NETCore.Platforms": "1.1.0",
          "Microsoft.NETCore.Targets": "1.1.0",
          "System.IO": "4.3.0",
          "System.Reflection.Primitives": "4.3.0",
          "System.Runtime": "4.3.0"
        }
      },
      "System.Reflection.Extensions": {
        "type": "Transitive",
        "resolved": "4.3.0",
        "contentHash": "xc/Ck61l1ptv6bhDn2yN5DBIQ1mONnmgUswHSyU5LjtnowNUVVmgJeOHG9n1Kjqwji6NndnlJd4sPJjtaRy+SQ==",
        "dependencies": {
          "Microsoft.NETCore.Platforms": "1.1.0",
          "Microsoft.NETCore.Targets": "1.1.0",
          "System.Reflection": "4.3.0",
          "System.Runtime": "4.3.0"
        }
      },
      "System.Reflection.Metadata": {
        "type": "Transitive",
        "resolved": "1.4.1",
        "contentHash": "tc2ZyJgweHCLci5oQGuhQn9TD0Ii9DReXkHtZm3aAGp8xe40rpRjiTbMXOtZU+fr0BOQ46goE9+qIqRGjR9wGg==",
        "dependencies": {
          "System.Collections": "4.3.0",
          "System.Collections.Immutable": "1.3.0",
          "System.Diagnostics.Debug": "4.3.0",
          "System.IO": "4.3.0",
          "System.IO.Compression": "4.3.0",
          "System.Linq": "4.3.0",
          "System.Reflection": "4.3.0",
          "System.Reflection.Extensions": "4.3.0",
          "System.Reflection.Primitives": "4.3.0",
          "System.Resources.ResourceManager": "4.3.0",
          "System.Runtime": "4.3.0",
          "System.Runtime.Extensions": "4.3.0",
          "System.Runtime.InteropServices": "4.3.0",
          "System.Text.Encoding": "4.3.0",
          "System.Text.Encoding.Extensions": "4.3.0",
          "System.Threading": "4.3.0"
        }
      },
      "System.Reflection.Primitives": {
        "type": "Transitive",
        "resolved": "4.3.0",
        "contentHash": "9xU543uSnjIWanM4DMDfk1TlqBIzmYVYtNJ5ME7nDqRNOjfhqPGusJxtAbvnCwMceReoMBGZMjNBe45xST5JUg==",
        "dependencies": {
          "Microsoft.NETCore.Platforms": "1.1.0",
          "Microsoft.NETCore.Targets": "1.1.0",
          "System.Runtime": "4.3.0"
        }
      },
      "System.Resources.ResourceManager": {
        "type": "Transitive",
        "resolved": "4.3.0",
        "contentHash": "1LeK3cLD0lAORL6m2Ghf9y1JP7VZefKe28tKDieqe0cyVHyM0P2HD60JjHsLc/vgx2XYI+aT02G0j6lZaDi8gg==",
        "dependencies": {
          "Microsoft.NETCore.Platforms": "1.1.0",
          "Microsoft.NETCore.Targets": "1.1.0",
          "System.Globalization": "4.3.0",
          "System.Reflection": "4.3.0",
          "System.Runtime": "4.3.0"
        }
      },
      "System.Runtime": {
        "type": "Transitive",
        "resolved": "4.3.0",
        "contentHash": "5HAzu0grxS2/g5mwhYonRprMBKPLhJBBJDcn0PZp1QZVPx5kurKI+jWHVi883YuEzj4t34F3a/sgf5vfvl0rYA==",
        "dependencies": {
          "Microsoft.NETCore.Platforms": "1.1.0",
          "Microsoft.NETCore.Targets": "1.1.0"
        }
      },
      "System.Runtime.Extensions": {
        "type": "Transitive",
        "resolved": "4.3.0",
        "contentHash": "3EC69Pt3PQVIa4NGrW2x7Ilw9zIc8X6jOJ2NYurGBaxfNnAwrl6LAi5jLX44ngbu3Tdo0gkH6D4oM4Aq0xz0pg==",
        "dependencies": {
          "Microsoft.NETCore.Platforms": "1.1.0",
          "Microsoft.NETCore.Targets": "1.1.0",
          "System.Runtime": "4.3.0"
        }
      },
      "System.Runtime.Handles": {
        "type": "Transitive",
        "resolved": "4.3.0",
        "contentHash": "/G937S4A4EVpEW8ZOLqoAM+MBRypghO+iRpzkv7ya24deTQVgsygzWpf5I0zLHgpJedTZdop+ElW9fWNHsEy7w==",
        "dependencies": {
          "Microsoft.NETCore.Platforms": "1.1.0",
          "Microsoft.NETCore.Targets": "1.1.0",
          "System.Runtime": "4.3.0"
        }
      },
      "System.Runtime.InteropServices": {
        "type": "Transitive",
        "resolved": "4.3.0",
        "contentHash": "GmVxWZC15fZcnEgtqp5h6W1A2TS3srQ/f7HZex2e6ytymbPxei7NUHS+xGvVRLRSqIsIm49YbwB8z6ZfYFU2/Q==",
        "dependencies": {
          "Microsoft.NETCore.Platforms": "1.1.0",
          "Microsoft.NETCore.Targets": "1.1.0",
          "System.Reflection": "4.3.0",
          "System.Reflection.Primitives": "4.3.0",
          "System.Runtime": "4.3.0",
          "System.Runtime.Handles": "4.3.0"
        }
      },
      "System.Security.Cryptography.ProtectedData": {
        "type": "Transitive",
        "resolved": "4.4.0",
        "contentHash": "cJV7ScGW7EhatRsjehfvvYVBvtiSMKgN8bOVI0bQhnF5bU7vnHVIsH49Kva7i7GWaWYvmEzkYVk1TC+gZYBEog=="
      },
      "System.Text.Encoding": {
        "type": "Transitive",
        "resolved": "4.3.0",
        "contentHash": "U+vZBe47N+7Abu7GbCVjYEo1CjavUSydBZgsFjfxmMGhuDHAdn52hTwrtC+Sp/5TPvzQRVtbDu4iNdIdHq3TIg==",
        "dependencies": {
          "Microsoft.NETCore.Platforms": "1.1.0",
          "Microsoft.NETCore.Targets": "1.1.0",
          "System.Runtime": "4.3.0"
        }
      },
      "System.Text.Encoding.Extensions": {
        "type": "Transitive",
        "resolved": "4.3.0",
        "contentHash": "hj0KvToBJ8lEESgFTgG+ZvVEQGHp7jzEURTzLvL/WdPTcL4PmRx0Ir+FSv+tcbNgpJMosIcAsG64E6BaAsM+xg==",
        "dependencies": {
          "Microsoft.NETCore.Platforms": "1.1.0",
          "Microsoft.NETCore.Targets": "1.1.0",
          "System.Runtime": "4.3.0",
          "System.Text.Encoding": "4.3.0"
        }
      },
      "System.Threading": {
        "type": "Transitive",
        "resolved": "4.3.0",
        "contentHash": "sBBGkXeux+KtPNPCn1UnWX0bT8a/OPaZqqzi5aZ8ME8cVS5v+4ze1+FryULJ/LH0XlYlruv4lL9FwwqiJs/ZbQ==",
        "dependencies": {
          "System.Runtime": "4.3.0",
          "System.Threading.Tasks": "4.3.0"
        }
      },
      "System.Threading.Overlapped": {
        "type": "Transitive",
        "resolved": "4.3.0",
        "contentHash": "m3HQ2dPiX/DSTpf+yJt8B0c+SRvzfqAJKx+QDWi+VLhz8svLT23MVjEOHPF/KiSLeArKU/iHescrbLd3yVgyNg==",
        "dependencies": {
          "Microsoft.NETCore.Platforms": "1.1.0",
          "System.Resources.ResourceManager": "4.3.0",
          "System.Runtime": "4.3.0",
          "System.Runtime.Handles": "4.3.0"
        }
      },
      "System.Threading.Tasks": {
        "type": "Transitive",
        "resolved": "4.3.0",
        "contentHash": "wJKEH/CjgmyFUumAga39oLD0+QJHqh0HCowQpGdzcVHQ9gIhH4aNXcOP18DCIAdSo46nDCs5N5fo49i5phZOjQ==",
        "dependencies": {
          "Microsoft.NETCore.Platforms": "1.1.0",
          "Microsoft.NETCore.Targets": "1.1.0",
          "System.Runtime": "4.3.0"
        }
      },
      "System.Threading.Thread": {
        "type": "Transitive",
        "resolved": "4.3.0",
        "contentHash": "b3aXlBia9N8lHh1LZKG8worBWgHAG694dx9cENTqOl4PgO1ZX3vYE89Pc9EsPtABAJWMZf6KsWiwIv/Z1oOWyQ==",
        "dependencies": {
          "System.Runtime": "4.3.0"
        }
      },
      "nosln": {
        "type": "Project",
        "dependencies": {
          "FSharp.Core": "4.3.4"
        }
      }
    }
  }
}