{
  "version": 1,
  "dependencies": {
    ".NETCoreApp,Version=v2.1": {
      "Argu": {
        "type": "Direct",
        "requested": "[5.2.0, )",
        "resolved": "5.2.0",
        "contentHash": "RpLlgOyTsFF3FlOBUwPjg5mre3+61IkKyUji+xJAjUIHuxfowk8voqddGqsgWf/Ce6fGdQULseaRnLOuLIaGGg==",
        "dependencies": {
          "FSharp.Core": "4.3.2",
          "System.Configuration.ConfigurationManager": "4.4.0"
        }
      },
      "FSharp.Core": {
        "type": "Direct",
        "requested": "[4.7.0, )",
        "resolved": "4.7.0",
        "contentHash": "6Bf2qzSCaJoP6tTfO+a5muUS7QbyJANqSut73zQvwQ9It5P0ITz9VKseeia2ofco30c55EQ0jA2wf2+A2gpGnw=="
      },
      "Microsoft.NETCore.App": {
        "type": "Direct",
        "requested": "[2.1.0, )",
        "resolved": "2.1.0",
        "contentHash": "+Ho6w2hzSIUCiNX60Vkzm+T4Re7BxbYTWCK2JdnX89iMe3OlFS7NsCSUPa2/L2ZSUoh7GGyi9uckGH82Z3HY2Q==",
        "dependencies": {
          "Microsoft.NETCore.DotNetHostPolicy": "2.1.0",
          "Microsoft.NETCore.Platforms": "2.1.0",
          "Microsoft.NETCore.Targets": "2.1.0",
          "NETStandard.Library": "2.0.3"
        }
      },
      "Microsoft.NETCore.DotNetAppHost": {
        "type": "Transitive",
        "resolved": "2.1.0",
        "contentHash": "UMFh737Z1tG5t1NPjF2/nVep5u3DNT31KdeCH821aOCP1jYtdAGJqrgYM4Jcr4SP5RUAKQOOLG5E3PtHDgZMhw=="
      },
      "Microsoft.NETCore.DotNetHostPolicy": {
        "type": "Transitive",
        "resolved": "2.1.0",
        "contentHash": "lXM1Am4d64t4VpC1JkzqUUcTR7jZQ8nLzlVcJqqSJ6mPlhdSQ/r1/2OdYjbDLkeAn6fk6QgOxK+S2H9CMpPDbA==",
        "dependencies": {
          "Microsoft.NETCore.DotNetHostResolver": "2.1.0"
        }
      },
      "Microsoft.NETCore.DotNetHostResolver": {
        "type": "Transitive",
        "resolved": "2.1.0",
        "contentHash": "6Q1/MZS/bFBLDN9uaw7s3Hhvsq9YzSKVWhC+Vps+vHosk0dwxrZX9VckCIdXi+oEsmKv8ezOqGgJQflHwQnMmQ==",
        "dependencies": {
          "Microsoft.NETCore.DotNetAppHost": "2.1.0"
        }
      },
      "Microsoft.NETCore.Platforms": {
        "type": "Transitive",
        "resolved": "2.1.0",
        "contentHash": "QnsyC0roNPj5Zqo73bwsc7l2AuJAGom7w23jYAR7g30radlPCGMOJL4LDkJdbupbny3W3c9Etspqwg+ykiyW+w=="
      },
      "Microsoft.NETCore.Targets": {
        "type": "Transitive",
        "resolved": "2.1.0",
        "contentHash": "INFIlEQKunF0ZovW6lXkbgdgoSiWoBShcCtmRpvvTnIHeBLyTh8A4e+EzFhthSrjANWcxYc2IuIJJyB6QAmGUA=="
      },
      "NETStandard.Library": {
        "type": "Transitive",
        "resolved": "2.0.3",
        "contentHash": "rqHiKERWbeQr1jhK1Nn4jOxDLrMP5lBRbOuntG+n40c4IDXRs79jxci/L2aLru7NpRpE9sL+T0amBm3C1v1L7w==",
        "dependencies": {
          "Microsoft.NETCore.Platforms": "1.1.0"
        }
      },
      "System.Configuration.ConfigurationManager": {
        "type": "Transitive",
        "resolved": "4.4.0",
        "contentHash": "gWwQv/Ug1qWJmHCmN17nAbxJYmQBM/E94QxKLksvUiiKB1Ld3Sc/eK1lgmbSjDFxkQhVuayI/cGFZhpBSodLrg==",
        "dependencies": {
          "System.Security.Cryptography.ProtectedData": "4.4.0"
        }
      },
      "System.Security.Cryptography.ProtectedData": {
        "type": "Transitive",
        "resolved": "4.4.0",
        "contentHash": "cJV7ScGW7EhatRsjehfvvYVBvtiSMKgN8bOVI0bQhnF5bU7vnHVIsH49Kva7i7GWaWYvmEzkYVk1TC+gZYBEog=="
      }
    }
  }
}