{
  "version": 1,
  "dependencies": {
    ".NETCoreApp,Version=v2.1": {
      "Argu": {
        "type": "Direct",
        "requested": "[5.2.0, )",
        "resolved": "5.2.0",
        "contentHash": "RpLlgOyTsFF3FlOBUwPjg5mre3+61IkKyUji+xJAjUIHuxfowk8voqddGqsgWf/Ce6fGdQULseaRnLOuLIaGGg==",
        "dependencies": {
          "FSharp.Core": "4.3.2",
          "System.Configuration.ConfigurationManager": "4.4.0"
        }
      },
      "FSharp.Core": {
        "type": "Direct",
        "requested": "[4.7.0, )",
        "resolved": "4.7.0",
        "contentHash": "6Bf2qzSCaJoP6tTfO+a5muUS7QbyJANqSut73zQvwQ9It5P0ITz9VKseeia2ofco30c55EQ0jA2wf2+A2gpGnw=="
      },
      "Microsoft.NETCore.App": {
        "type": "Direct",
        "requested": "[2.1.11, )",
        "resolved": "2.1.11",
        "contentHash": "SFKaL2w4qxruT9mlu0uSaFiNOA7hZRhf6q0B+r8pAsx4Jn2hhf9XZ1Fg+nz2e9uz2tNZt5/A2B+fE7sxIyUE6w==",
        "dependencies": {
          "Microsoft.NETCore.DotNetHostPolicy": "2.1.11",
          "Microsoft.NETCore.Platforms": "2.1.4",
          "Microsoft.NETCore.Targets": "2.0.0",
          "NETStandard.Library": "2.0.3"
        }
      },
      "Microsoft.NETCore.DotNetAppHost": {
        "type": "Transitive",
        "resolved": "2.1.11",
        "contentHash": "yQEPhVkhS35CskOclD6ej3WtAuEIr6FeUEQtBRMNgB/8BsXuozDTBNwbm/ODmG47LKiDcS9J93PHn2EI4bqTZg=="
      },
      "Microsoft.NETCore.DotNetHostPolicy": {
        "type": "Transitive",
        "resolved": "2.1.11",
        "contentHash": "7c5SU1NYvljgia5QAuaPyuxfFvURiFddxhy+O4GfVS6i6mv3+C/abYzvoVXSHzlW3G048oMe9T9AYWd2wUKdxw==",
        "dependencies": {
          "Microsoft.NETCore.DotNetHostResolver": "2.1.11"
        }
      },
      "Microsoft.NETCore.DotNetHostResolver": {
        "type": "Transitive",
        "resolved": "2.1.11",
        "contentHash": "J7GgmVTiwg9QnOJbANhm3KGQN8AWwsESeKL/s33y1rvdgTL7T71HVSY0FbL1fAeQZJ/1GUHOTBKmYXQLSZ73jA==",
        "dependencies": {
          "Microsoft.NETCore.DotNetAppHost": "2.1.11"
        }
      },
      "Microsoft.NETCore.Platforms": {
        "type": "Transitive",
        "resolved": "2.1.4",
        "contentHash": "KA9gm+dY8vOkUxAU9dypnFVyuqYuE4pPkLrBEjdttJ0RlyQtHnxmPl0pgOgJkBCg0uIO2OTRooDIniXFmPmkFw=="
      },
      "Microsoft.NETCore.Targets": {
        "type": "Transitive",
        "resolved": "2.0.0",
        "contentHash": "odP/tJj1z6GylFpNo7pMtbd/xQgTC3Ex2If63dRTL38bBNMwsBnJ+RceUIyHdRBC0oik/3NehYT+oECwBhIM3Q=="
      },
      "NETStandard.Library": {
        "type": "Transitive",
        "resolved": "2.0.3",
        "contentHash": "st47PosZSHrjECdjeIzZQbzivYBJFv6P2nv4cj2ypdI204DO+vZ7l5raGMiX4eXMJ53RfOIg+/s4DHVZ54Nu2A==",
        "dependencies": {
          "Microsoft.NETCore.Platforms": "1.1.0"
        }
      },
      "System.Configuration.ConfigurationManager": {
        "type": "Transitive",
        "resolved": "4.4.0",
        "contentHash": "gWwQv/Ug1qWJmHCmN17nAbxJYmQBM/E94QxKLksvUiiKB1Ld3Sc/eK1lgmbSjDFxkQhVuayI/cGFZhpBSodLrg==",
        "dependencies": {
          "System.Security.Cryptography.ProtectedData": "4.4.0"
        }
      },
      "System.Security.Cryptography.ProtectedData": {
        "type": "Transitive",
        "resolved": "4.4.0",
        "contentHash": "cJV7ScGW7EhatRsjehfvvYVBvtiSMKgN8bOVI0bQhnF5bU7vnHVIsH49Kva7i7GWaWYvmEzkYVk1TC+gZYBEog=="
      }
    },
    ".NETCoreApp,Version=v2.1/win10-x64": {
      "Microsoft.NETCore.App": {
        "type": "Direct",
        "requested": "[2.1.11, )",
        "resolved": "2.1.11",
        "contentHash": "SFKaL2w4qxruT9mlu0uSaFiNOA7hZRhf6q0B+r8pAsx4Jn2hhf9XZ1Fg+nz2e9uz2tNZt5/A2B+fE7sxIyUE6w==",
        "dependencies": {
          "Microsoft.NETCore.DotNetHostPolicy": "2.1.11",
          "Microsoft.NETCore.Platforms": "2.1.4",
          "Microsoft.NETCore.Targets": "2.0.0",
          "NETStandard.Library": "2.0.3",
          "runtime.win-x64.Microsoft.NETCore.App": "2.1.11"
        }
      },
      "Microsoft.NETCore.DotNetAppHost": {
        "type": "Transitive",
        "resolved": "2.1.11",
        "contentHash": "yQEPhVkhS35CskOclD6ej3WtAuEIr6FeUEQtBRMNgB/8BsXuozDTBNwbm/ODmG47LKiDcS9J93PHn2EI4bqTZg==",
        "dependencies": {
          "runtime.win-x64.Microsoft.NETCore.DotNetAppHost": "2.1.11"
        }
      },
      "Microsoft.NETCore.DotNetHostPolicy": {
        "type": "Transitive",
        "resolved": "2.1.11",
        "contentHash": "7c5SU1NYvljgia5QAuaPyuxfFvURiFddxhy+O4GfVS6i6mv3+C/abYzvoVXSHzlW3G048oMe9T9AYWd2wUKdxw==",
        "dependencies": {
          "Microsoft.NETCore.DotNetHostResolver": "2.1.11",
          "runtime.win-x64.Microsoft.NETCore.DotNetHostPolicy": "2.1.11"
        }
      },
      "Microsoft.NETCore.DotNetHostResolver": {
        "type": "Transitive",
        "resolved": "2.1.11",
        "contentHash": "J7GgmVTiwg9QnOJbANhm3KGQN8AWwsESeKL/s33y1rvdgTL7T71HVSY0FbL1fAeQZJ/1GUHOTBKmYXQLSZ73jA==",
        "dependencies": {
          "Microsoft.NETCore.DotNetAppHost": "2.1.11",
          "runtime.win-x64.Microsoft.NETCore.DotNetHostResolver": "2.1.11"
        }
      },
      "runtime.win-x64.Microsoft.NETCore.App": {
        "type": "Transitive",
        "resolved": "2.1.11",
        "contentHash": "SLFEer3CUH92eeyxHO3P9rNMpYnFdr6cZ4KztLDIaKB4Gwfk1L4jTK8obRfATVy7ZviZEBFzsSfa2FDoZisVww=="
      },
      "runtime.win-x64.Microsoft.NETCore.DotNetAppHost": {
        "type": "Transitive",
        "resolved": "2.1.11",
        "contentHash": "JWTOqzBGAvzfY6zHs8+Sye7eV8uJJ+piODtiDQM+H2YvpGzUV2pT5/5EgtIjiVgj29zmD0/fQnXvytInVk9qgg=="
      },
      "runtime.win-x64.Microsoft.NETCore.DotNetHostPolicy": {
        "type": "Transitive",
        "resolved": "2.1.11",
        "contentHash": "oItf0+yrSAJaTfSv7rK7gqJraHnPNvQwcPfDB28Dl7S9iQnRRljxO9VTgLYyytz45tpwgogqnRzIrq2B+Stmrg==",
        "dependencies": {
          "Microsoft.NETCore.DotNetHostResolver": "2.1.11"
        }
      },
      "runtime.win-x64.Microsoft.NETCore.DotNetHostResolver": {
        "type": "Transitive",
        "resolved": "2.1.11",
        "contentHash": "YlWwH88Iztst0KnGiyLc481dCeV6TXNDrQ8dnvkttFSXtx8mFKBvoZfldGl3sG9JcCX2obft9PkBYTTghmQqzQ==",
        "dependencies": {
          "Microsoft.NETCore.DotNetAppHost": "2.1.11"
        }
      },
      "System.Security.Cryptography.ProtectedData": {
        "type": "Transitive",
        "resolved": "4.4.0",
        "contentHash": "cJV7ScGW7EhatRsjehfvvYVBvtiSMKgN8bOVI0bQhnF5bU7vnHVIsH49Kva7i7GWaWYvmEzkYVk1TC+gZYBEog=="
      }
    }
  }
}