{
  "version": 1,
  "dependencies": {
    ".NETCoreApp,Version=v2.1": {
      "Argu": {
        "type": "Direct",
        "requested": "[5.2.0, )",
        "resolved": "5.2.0",
        "contentHash": "RpLlgOyTsFF3FlOBUwPjg5mre3+61IkKyUji+xJAjUIHuxfowk8voqddGqsgWf/Ce6fGdQULseaRnLOuLIaGGg==",
        "dependencies": {
          "FSharp.Core": "4.3.2",
          "System.Configuration.ConfigurationManager": "4.4.0"
        }
      },
      "FSharp.Core": {
        "type": "Direct",
        "requested": "[4.7.0, )",
        "resolved": "4.7.0",
        "contentHash": "6Bf2qzSCaJoP6tTfO+a5muUS7QbyJANqSut73zQvwQ9It5P0ITz9VKseeia2ofco30c55EQ0jA2wf2+A2gpGnw=="
      },
      "Microsoft.NETCore.App": {
        "type": "Direct",
        "requested": "[2.1.13, )",
        "resolved": "2.1.13",
        "contentHash": "oB/yobEiuhNDI5M6Lr52vlyWFbwIumLK6sqaOZ4pLe7jR1w5nBjoFXhrBJOr/EWqu8DNraaquTkhN/EaOib62g==",
        "dependencies": {
          "Microsoft.NETCore.DotNetHostPolicy": "2.1.13",
          "Microsoft.NETCore.Platforms": "2.1.6",
          "Microsoft.NETCore.Targets": "2.0.0",
          "NETStandard.Library": "2.0.3"
        }
      },
      "Microsoft.NETCore.DotNetAppHost": {
        "type": "Transitive",
        "resolved": "2.1.13",
        "contentHash": "V2S2OlQnSh5/aWhfVip9UuIBCaz45AeOpmeiqO9Kf+9mtWhcCSRX3WbqQ9529IIbOsUFhLPqRnDE+mfWO9chWw=="
      },
      "Microsoft.NETCore.DotNetHostPolicy": {
        "type": "Transitive",
        "resolved": "2.1.13",
        "contentHash": "0B8AmWJe3pL1lOM8cIfkQ0VwsZ9sd03EjBsdM64enVi7Ufrc+B7yjnBlUFIXzCfzoHL4BLYKxbYI8fnKQ02pRA==",
        "dependencies": {
          "Microsoft.NETCore.DotNetHostResolver": "2.1.13"
        }
      },
      "Microsoft.NETCore.DotNetHostResolver": {
        "type": "Transitive",
        "resolved": "2.1.13",
        "contentHash": "dyG06+WY38ite0ObF6TBZN9Vivbgd7Isdd5lwb5rmsGfPdKdLGv/5ZdM7QP+YHV7pjEQD2Ee3EU+RNhkfV8Ptw==",
        "dependencies": {
          "Microsoft.NETCore.DotNetAppHost": "2.1.13"
        }
      },
      "Microsoft.NETCore.Platforms": {
        "type": "Transitive",
        "resolved": "2.1.6",
        "contentHash": "MX6jvPsEer3ap638v2toFHHrK9Tq6qLxqV8z+0lKM9HSmEGJc26X2ZbRa5+XnPjfgXL5mrb/6T9eBjYI6tgB2g=="
      },
      "Microsoft.NETCore.Targets": {
        "type": "Transitive",
        "resolved": "2.0.0",
        "contentHash": "odP/tJj1z6GylFpNo7pMtbd/xQgTC3Ex2If63dRTL38bBNMwsBnJ+RceUIyHdRBC0oik/3NehYT+oECwBhIM3Q=="
      },
      "NETStandard.Library": {
        "type": "Transitive",
        "resolved": "2.0.3",
        "contentHash": "st47PosZSHrjECdjeIzZQbzivYBJFv6P2nv4cj2ypdI204DO+vZ7l5raGMiX4eXMJ53RfOIg+/s4DHVZ54Nu2A==",
        "dependencies": {
          "Microsoft.NETCore.Platforms": "1.1.0"
        }
      },
      "System.Configuration.ConfigurationManager": {
        "type": "Transitive",
        "resolved": "4.4.0",
        "contentHash": "gWwQv/Ug1qWJmHCmN17nAbxJYmQBM/E94QxKLksvUiiKB1Ld3Sc/eK1lgmbSjDFxkQhVuayI/cGFZhpBSodLrg==",
        "dependencies": {
          "System.Security.Cryptography.ProtectedData": "4.4.0"
        }
      },
      "System.Security.Cryptography.ProtectedData": {
        "type": "Transitive",
        "resolved": "4.4.0",
        "contentHash": "cJV7ScGW7EhatRsjehfvvYVBvtiSMKgN8bOVI0bQhnF5bU7vnHVIsH49Kva7i7GWaWYvmEzkYVk1TC+gZYBEog=="
      }
    },
    ".NETCoreApp,Version=v2.1/win10-x64": {
      "Microsoft.NETCore.App": {
        "type": "Direct",
        "requested": "[2.1.13, )",
        "resolved": "2.1.13",
        "contentHash": "oB/yobEiuhNDI5M6Lr52vlyWFbwIumLK6sqaOZ4pLe7jR1w5nBjoFXhrBJOr/EWqu8DNraaquTkhN/EaOib62g==",
        "dependencies": {
          "Microsoft.NETCore.DotNetHostPolicy": "2.1.13",
          "Microsoft.NETCore.Platforms": "2.1.6",
          "Microsoft.NETCore.Targets": "2.0.0",
          "NETStandard.Library": "2.0.3",
          "runtime.win-x64.Microsoft.NETCore.App": "2.1.13"
        }
      },
      "Microsoft.NETCore.DotNetAppHost": {
        "type": "Transitive",
        "resolved": "2.1.13",
        "contentHash": "V2S2OlQnSh5/aWhfVip9UuIBCaz45AeOpmeiqO9Kf+9mtWhcCSRX3WbqQ9529IIbOsUFhLPqRnDE+mfWO9chWw==",
        "dependencies": {
          "runtime.win-x64.Microsoft.NETCore.DotNetAppHost": "2.1.13"
        }
      },
      "Microsoft.NETCore.DotNetHostPolicy": {
        "type": "Transitive",
        "resolved": "2.1.13",
        "contentHash": "0B8AmWJe3pL1lOM8cIfkQ0VwsZ9sd03EjBsdM64enVi7Ufrc+B7yjnBlUFIXzCfzoHL4BLYKxbYI8fnKQ02pRA==",
        "dependencies": {
          "Microsoft.NETCore.DotNetHostResolver": "2.1.13",
          "runtime.win-x64.Microsoft.NETCore.DotNetHostPolicy": "2.1.13"
        }
      },
      "Microsoft.NETCore.DotNetHostResolver": {
        "type": "Transitive",
        "resolved": "2.1.13",
        "contentHash": "dyG06+WY38ite0ObF6TBZN9Vivbgd7Isdd5lwb5rmsGfPdKdLGv/5ZdM7QP+YHV7pjEQD2Ee3EU+RNhkfV8Ptw==",
        "dependencies": {
          "Microsoft.NETCore.DotNetAppHost": "2.1.13",
          "runtime.win-x64.Microsoft.NETCore.DotNetHostResolver": "2.1.13"
        }
      },
      "runtime.win-x64.Microsoft.NETCore.App": {
        "type": "Transitive",
        "resolved": "2.1.13",
        "contentHash": "cLqGiUc6+oWn7aM0YPndLfZMNe1Z/6TdOEmFK0ABxlK9F4tAN44b0BVzLoRaiqvs1EnZoIhXOc67lL0Ey9Xx9Q=="
      },
      "runtime.win-x64.Microsoft.NETCore.DotNetAppHost": {
        "type": "Transitive",
        "resolved": "2.1.13",
        "contentHash": "6v3tMG+96HvZ6Byahsz6EyHRNe0MHSkGjvUZ1DiGt0a2eUjwozjk0cXRQuvUqwxWB1S/TAUlELTPg6UoC35MsQ=="
      },
      "runtime.win-x64.Microsoft.NETCore.DotNetHostPolicy": {
        "type": "Transitive",
        "resolved": "2.1.13",
        "contentHash": "UlDO6/hRRd1kREwWd/7A6nqi2NhHa+dfjSVRynt6Bx4E1llj/j8WcvblGX2c/j7bGlP6Y8Km5HZzv+rwZgbSdQ==",
        "dependencies": {
          "Microsoft.NETCore.DotNetHostResolver": "2.1.13"
        }
      },
      "runtime.win-x64.Microsoft.NETCore.DotNetHostResolver": {
        "type": "Transitive",
        "resolved": "2.1.13",
        "contentHash": "gs0XwTAB+tSHZkEg6A7CpOXBbjxh4aeNM10U23/WbEWsuzqv7ZfGy8vds7ojdGU4n2WamOOlRXJzmROl5rwdMQ==",
        "dependencies": {
          "Microsoft.NETCore.DotNetAppHost": "2.1.13"
        }
      },
      "System.Security.Cryptography.ProtectedData": {
        "type": "Transitive",
        "resolved": "4.4.0",
        "contentHash": "cJV7ScGW7EhatRsjehfvvYVBvtiSMKgN8bOVI0bQhnF5bU7vnHVIsH49Kva7i7GWaWYvmEzkYVk1TC+gZYBEog=="
      }
    }
  }
}